
Microsoft Visual Studio Solution File, Format Version 12.00
# Visual Studio 15
VisualStudioVersion = 15.0.28307.757
MinimumVisualStudioVersion = 10.0.40219.1
Project("{FAE04EC0-301F-11D3-BF4B-00C04F79EFBC}") = "JBindustries", "JBindustries\JBindustries.csproj", "{33FDBE9C-2EA1-46C5-B36E-B71BC337DBEB}"
EndProject
Global
	GlobalSection(SolutionConfigurationPlatforms) = preSolution
		Debug|Any CPU = Debug|Any CPU
		Release|Any CPU = Release|Any CPU
	EndGlobalSection
	GlobalSection(ProjectConfigurationPlatforms) = postSolution
		{33FDBE9C-2EA1-46C5-B36E-B71BC337DBEB}.Debug|Any CPU.ActiveCfg = Debug|Any CPU
		{33FDBE9C-2EA1-46C5-B36E-B71BC337DBEB}.Debug|Any CPU.Build.0 = Debug|Any CPU
		{33FDBE9C-2EA1-46C5-B36E-B71BC337DBEB}.Release|Any CPU.ActiveCfg = Release|Any CPU
		{33FDBE9C-2EA1-46C5-B36E-B71BC337DBEB}.Release|Any CPU.Build.0 = Release|Any CPU
	EndGlobalSection
	GlobalSection(SolutionProperties) = preSolution
		HideSolutionNode = FALSE
	EndGlobalSection
	GlobalSection(ExtensibilityGlobals) = postSolution
		SolutionGuid = {47942233-F818-48B4-8D7F-1BCCC93C9C57}
	EndGlobalSection
EndGlobal
